{
  "requires": true,
  "lockfileVersion": 1,
  "dependencies": {
    "react-axios": {
      "version": "2.0.3",
      "resolved": "https://registry.npmjs.org/react-axios/-/react-axios-2.0.3.tgz",
      "integrity": "sha512-63kY2iupdRgbvPq9G8xmM0NWUnt2Q5YmpotMoLQsxKOzKXKZg2Lo6CzF/bcZvtmv3WnfjBU6Bg8nZQO28eIAZw=="
    }
  }
}
